// !$*UTF8*$!
{
	archiveVersion = 1;
	classes = {
	};
	objectVersion = 56;
	objects = {

/* Begin PBXBuildFile section */
		3F0EFD7F2AB9088800BD6404 /* camera_demo_swiftApp.swift in Sources */ = {isa = PBXBuildFile; fileRef = 3F0EFD7E2AB9088800BD6404 /* camera_demo_swiftApp.swift */; };
		3F0EFD812AB9088800BD6404 /* ProfileView.swift in Sources */ = {isa = PBXBuildFile; fileRef = 3F0EFD802AB9088800BD6404 /* ProfileView.swift */; };
		3F0EFD832AB9088A00BD6404 /* Assets.xcassets in Resources */ = {isa = PBXBuildFile; fileRef = 3F0EFD822AB9088A00BD6404 /* Assets.xcassets */; };
		3F0EFD862AB9088A00BD6404 /* Preview Assets.xcassets in Resources */ = {isa = PBXBuildFile; fileRef = 3F0EFD852AB9088A00BD6404 /* Preview Assets.xcassets */; };
		3F0EFD902AB9088A00BD6404 /* camera_demo_swiftTests.swift in Sources */ = {isa = PBXBuildFile; fileRef = 3F0EFD8F2AB9088A00BD6404 /* camera_demo_swiftTests.swift */; };
		3F0EFD9A2AB9088A00BD6404 /* camera_demo_swiftUITests.swift in Sources */ = {isa = PBXBuildFile; fileRef = 3F0EFD992AB9088A00BD6404 /* camera_demo_swiftUITests.swift */; };
		3F0EFD9C2AB9088A00BD6404 /* camera_demo_swiftUITestsLaunchTests.swift in Sources */ = {isa = PBXBuildFile; fileRef = 3F0EFD9B2AB9088A00BD6404 /* camera_demo_swiftUITestsLaunchTests.swift */; };
		3F0EFDA92AB90DC300BD6404 /* ImagePicker.swift in Sources */ = {isa = PBXBuildFile; fileRef = 3F0EFDA82AB90DC300BD6404 /* ImagePicker.swift */; };
/* End PBXBuildFile section */

/* Begin PBXContainerItemProxy section */
		3F0EFD8C2AB9088A00BD6404 /* PBXContainerItemProxy */ = {
			isa = PBXContainerItemProxy;
			containerPortal = 3F0EFD732AB9088800BD6404 /* Project object */;
			proxyType = 1;
			remoteGlobalIDString = 3F0EFD7A2AB9088800BD6404;
			remoteInfo = "camera-demo-swift";
		};
		3F0EFD962AB9088A00BD6404 /* PBXContainerItemProxy */ = {
			isa = PBXContainerItemProxy;
			containerPortal = 3F0EFD732AB9088800BD6404 /* Project object */;
			proxyType = 1;
			remoteGlobalIDString = 3F0EFD7A2AB9088800BD6404;
			remoteInfo = "camera-demo-swift";
		};
/* End PBXContainerItemProxy section */

/* Begin PBXFileReference section */
		3F0EFD7B2AB9088800BD6404 /* camera-demo-swift.app */ = {isa = PBXFileReference; explicitFileType = wrapper.application; includeInIndex = 0; path = "camera-demo-swift.app"; sourceTree = BUILT_PRODUCTS_DIR; };
		3F0EFD7E2AB9088800BD6404 /* camera_demo_swiftApp.swift */ = {isa = PBXFileReference; lastKnownFileType = sourcecode.swift; path = camera_demo_swiftApp.swift; sourceTree = "<group>"; };
		3F0EFD802AB9088800BD6404 /* ProfileView.swift */ = {isa = PBXFileReference; lastKnownFileType = sourcecode.swift; path = ProfileView.swift; sourceTree = "<group>"; };
		3F0EFD822AB9088A00BD6404 /* Assets.xcassets */ = {isa = PBXFileReference; lastKnownFileType = folder.assetcatalog; path = Assets.xcassets; sourceTree = "<group>"; };
		3F0EFD852AB9088A00BD6404 /* Preview Assets.xcassets */ = {isa = PBXFileReference; lastKnownFileType = folder.assetcatalog; path = "Preview Assets.xcassets"; sourceTree = "<group>"; };
		3F0EFD8B2AB9088A00BD6404 /* camera-demo-swiftTests.xctest */ = {isa = PBXFileReference; explicitFileType = wrapper.cfbundle; includeInIndex = 0; path = "camera-demo-swiftTests.xctest"; sourceTree = BUILT_PRODUCTS_DIR; };
		3F0EFD8F2AB9088A00BD6404 /* camera_demo_swiftTests.swift */ = {isa = PBXFileReference; lastKnownFileType = sourcecode.swift; path = camera_demo_swiftTests.swift; sourceTree = "<group>"; };
		3F0EFD952AB9088A00BD6404 /* camera-demo-swiftUITests.xctest */ = {isa = PBXFileReference; explicitFileType = wrapper.cfbundle; includeInIndex = 0; path = "camera-demo-swiftUITests.xctest"; sourceTree = BUILT_PRODUCTS_DIR; };
		3F0EFD992AB9088A00BD6404 /* camera_demo_swiftUITests.swift */ = {isa = PBXFileReference; lastKnownFileType = sourcecode.swift; path = camera_demo_swiftUITests.swift; sourceTree = "<group>"; };
		3F0EFD9B2AB9088A00BD6404 /* camera_demo_swiftUITestsLaunchTests.swift */ = {isa = PBXFileReference; lastKnownFileType = sourcecode.swift; path = camera_demo_swiftUITestsLaunchTests.swift; sourceTree = "<group>"; };
		3F0EFDA82AB90DC300BD6404 /* ImagePicker.swift */ = {isa = PBXFileReference; lastKnownFileType = sourcecode.swift; path = ImagePicker.swift; sourceTree = "<group>"; };
		3F0EFDAA2AB9143A00BD6404 /* Info.plist */ = {isa = PBXFileReference; lastKnownFileType = text.plist; path = Info.plist; sourceTree = "<group>"; };
/* End PBXFileReference section */

/* Begin PBXFrameworksBuildPhase section */
		3F0EFD782AB9088800BD6404 /* Frameworks */ = {
			isa = PBXFrameworksBuildPhase;
			buildActionMask = 2147483647;
			files = (
			);
			runOnlyForDeploymentPostprocessing = 0;
		};
		3F0EFD882AB9088A00BD6404 /* Frameworks */ = {
			isa = PBXFrameworksBuildPhase;
			buildActionMask = 2147483647;
			files = (
			);
			runOnlyForDeploymentPostprocessing = 0;
		};
		3F0EFD922AB9088A00BD6404 /* Frameworks */ = {
			isa = PBXFrameworksBuildPhase;
			buildActionMask = 2147483647;
			files = (
			);
			runOnlyForDeploymentPostprocessing = 0;
		};
/* End PBXFrameworksBuildPhase section */

/* Begin PBXGroup section */
		3F0EFD722AB9088800BD6404 = {
			isa = PBXGroup;
			children = (
				3F0EFD7D2AB9088800BD6404 /* camera-demo-swift */,
				3F0EFD8E2AB9088A00BD6404 /* camera-demo-swiftTests */,
				3F0EFD982AB9088A00BD6404 /* camera-demo-swiftUITests */,
				3F0EFD7C2AB9088800BD6404 /* Products */,
			);
			sourceTree = "<group>";
		};
		3F0EFD7C2AB9088800BD6404 /* Products */ = {
			isa = PBXGroup;
			children = (
				3F0EFD7B2AB9088800BD6404 /* camera-demo-swift.app */,
				3F0EFD8B2AB9088A00BD6404 /* camera-demo-swiftTests.xctest */,
				3F0EFD952AB9088A00BD6404 /* camera-demo-swiftUITests.xctest */,
			);
			name = Products;
			sourceTree = "<group>";
		};
		3F0EFD7D2AB9088800BD6404 /* camera-demo-swift */ = {
			isa = PBXGroup;
			children = (
				3F0EFDAA2AB9143A00BD6404 /* Info.plist */,
				3F0EFD7E2AB9088800BD6404 /* camera_demo_swiftApp.swift */,
				3F0EFD802AB9088800BD6404 /* ProfileView.swift */,
				3F0EFD822AB9088A00BD6404 /* Assets.xcassets */,
				3F0EFD842AB9088A00BD6404 /* Preview Content */,
				3F0EFDA82AB90DC300BD6404 /* ImagePicker.swift */,
			);
			path = "camera-demo-swift";
			sourceTree = "<group>";
		};
		3F0EFD842AB9088A00BD6404 /* Preview Content */ = {
			isa = PBXGroup;
			children = (
				3F0EFD852AB9088A00BD6404 /* Preview Assets.xcassets */,
			);
			path = "Preview Content";
			sourceTree = "<group>";
		};
		3F0EFD8E2AB9088A00BD6404 /* camera-demo-swiftTests */ = {
			isa = PBXGroup;
			children = (
				3F0EFD8F2AB9088A00BD6404 /* camera_demo_swiftTests.swift */,
			);
			path = "camera-demo-swiftTests";
			sourceTree = "<group>";
		};
		3F0EFD982AB9088A00BD6404 /* camera-demo-swiftUITests */ = {
			isa = PBXGroup;
			children = (
				3F0EFD992AB9088A00BD6404 /* camera_demo_swiftUITests.swift */,
				3F0EFD9B2AB9088A00BD6404 /* camera_demo_swiftUITestsLaunchTests.swift */,
			);
			path = "camera-demo-swiftUITests";
			sourceTree = "<group>";
		};
/* End PBXGroup section */

/* Begin PBXNativeTarget section */
		3F0EFD7A2AB9088800BD6404 /* camera-demo-swift */ = {
			isa = PBXNativeTarget;
			buildConfigurationList = 3F0EFD9F2AB9088A00BD6404 /* Build configuration list for PBXNativeTarget "camera-demo-swift" */;
			buildPhases = (
				3F0EFD772AB9088800BD6404 /* Sources */,
				3F0EFD782AB9088800BD6404 /* Frameworks */,
				3F0EFD792AB9088800BD6404 /* Resources */,
			);
			buildRules = (
			);
			dependencies = (
			);
			name = "camera-demo-swift";
			productName = "camera-demo-swift";
			productReference = 3F0EFD7B2AB9088800BD6404 /* camera-demo-swift.app */;
			productType = "com.apple.product-type.application";
		};
		3F0EFD8A2AB9088A00BD6404 /* camera-demo-swiftTests */ = {
			isa = PBXNativeTarget;
			buildConfigurationList = 3F0EFDA22AB9088A00BD6404 /* Build configuration list for PBXNativeTarget "camera-demo-swiftTests" */;
			buildPhases = (
				3F0EFD872AB9088A00BD6404 /* Sources */,
				3F0EFD882AB9088A00BD6404 /* Frameworks */,
				3F0EFD892AB9088A00BD6404 /* Resources */,
			);
			buildRules = (
			);
			dependencies = (
				3F0EFD8D2AB9088A00BD6404 /* PBXTargetDependency */,
			);
			name = "camera-demo-swiftTests";
			productName = "camera-demo-swiftTests";
			productReference = 3F0EFD8B2AB9088A00BD6404 /* camera-demo-swiftTests.xctest */;
			productType = "com.apple.product-type.bundle.unit-test";
		};
		3F0EFD942AB9088A00BD6404 /* camera-demo-swiftUITests */ = {
			isa = PBXNativeTarget;
			buildConfigurationList = 3F0EFDA52AB9088A00BD6404 /* Build configuration list for PBXNativeTarget "camera-demo-swiftUITests" */;
			buildPhases = (
				3F0EFD912AB9088A00BD6404 /* Sources */,
				3F0EFD922AB9088A00BD6404 /* Frameworks */,
				3F0EFD932AB9088A00BD6404 /* Resources */,
			);
			buildRules = (
			);
			dependencies = (
				3F0EFD972AB9088A00BD6404 /* PBXTargetDependency */,
			);
			name = "camera-demo-swiftUITests";
			productName = "camera-demo-swiftUITests";
			productReference = 3F0EFD952AB9088A00BD6404 /* camera-demo-swiftUITests.xctest */;
			productType = "com.apple.product-type.bundle.ui-testing";
		};
/* End PBXNativeTarget section */

/* Begin PBXProject section */
		3F0EFD732AB9088800BD6404 /* Project object */ = {
			isa = PBXProject;
			attributes = {
				BuildIndependentTargetsInParallel = 1;
				LastSwiftUpdateCheck = 1430;
				LastUpgradeCheck = 1430;
				TargetAttributes = {
					3F0EFD7A2AB9088800BD6404 = {
						CreatedOnToolsVersion = 14.3.1;
					};
					3F0EFD8A2AB9088A00BD6404 = {
						CreatedOnToolsVersion = 14.3.1;
						TestTargetID = 3F0EFD7A2AB9088800BD6404;
					};
					3F0EFD942AB9088A00BD6404 = {
						CreatedOnToolsVersion = 14.3.1;
						TestTargetID = 3F0EFD7A2AB9088800BD6404;
					};
				};
			};
			buildConfigurationList = 3F0EFD762AB9088800BD6404 /* Build configuration list for PBXProject "camera-demo-swift" */;
			compatibilityVersion = "Xcode 14.0";
			developmentRegion = en;
			hasScannedForEncodings = 0;
			knownRegions = (
				en,
				Base,
			);
			mainGroup = 3F0EFD722AB9088800BD6404;
			productRefGroup = 3F0EFD7C2AB9088800BD6404 /* Products */;
			projectDirPath = "";
			projectRoot = "";
			targets = (
				3F0EFD7A2AB9088800BD6404 /* camera-demo-swift */,
				3F0EFD8A2AB9088A00BD6404 /* camera-demo-swiftTests */,
				3F0EFD942AB9088A00BD6404 /* camera-demo-swiftUITests */,
			);
		};
/* End PBXProject section */

/* Begin PBXResourcesBuildPhase section */
		3F0EFD792AB9088800BD6404 /* Resources */ = {
			isa = PBXResourcesBuildPhase;
			buildActionMask = 2147483647;
			files = (
				3F0EFD862AB9088A00BD6404 /* Preview Assets.xcassets in Resources */,
				3F0EFD832AB9088A00BD6404 /* Assets.xcassets in Resources */,
			);
			runOnlyForDeploymentPostprocessing = 0;
		};
		3F0EFD892AB9088A00BD6404 /* Resources */ = {
			isa = PBXResourcesBuildPhase;
			buildActionMask = 2147483647;
			files = (
			);
			runOnlyForDeploymentPostprocessing = 0;
		};
		3F0EFD932AB9088A00BD6404 /* Resources */ = {
			isa = PBXResourcesBuildPhase;
			buildActionMask = 2147483647;
			files = (
			);
			runOnlyForDeploymentPostprocessing = 0;
		};
/* End PBXResourcesBuildPhase section */

/* Begin PBXSourcesBuildPhase section */
		3F0EFD772AB9088800BD6404 /* Sources */ = {
			isa = PBXSourcesBuildPhase;
			buildActionMask = 2147483647;
			files = (
				3F0EFDA92AB90DC300BD6404 /* ImagePicker.swift in Sources */,
				3F0EFD812AB9088800BD6404 /* ProfileView.swift in Sources */,
				3F0EFD7F2AB9088800BD6404 /* camera_demo_swiftApp.swift in Sources */,
			);
			runOnlyForDeploymentPostprocessing = 0;
		};
		3F0EFD872AB9088A00BD6404 /* Sources */ = {
			isa = PBXSourcesBuildPhase;
			buildActionMask = 2147483647;
			files = (
				3F0EFD902AB9088A00BD6404 /* camera_demo_swiftTests.swift in Sources */,
			);
			runOnlyForDeploymentPostprocessing = 0;
		};
		3F0EFD912AB9088A00BD6404 /* Sources */ = {
			isa = PBXSourcesBuildPhase;
			buildActionMask = 2147483647;
			files = (
				3F0EFD9C2AB9088A00BD6404 /* camera_demo_swiftUITestsLaunchTests.swift in Sources */,
				3F0EFD9A2AB9088A00BD6404 /* camera_demo_swiftUITests.swift in Sources */,
			);
			runOnlyForDeploymentPostprocessing = 0;
		};
/* End PBXSourcesBuildPhase section */

/* Begin PBXTargetDependency section */
		3F0EFD8D2AB9088A00BD6404 /* PBXTargetDependency */ = {
			isa = PBXTargetDependency;
			target = 3F0EFD7A2AB9088800BD6404 /* camera-demo-swift */;
			targetProxy = 3F0EFD8C2AB9088A00BD6404 /* PBXContainerItemProxy */;
		};
		3F0EFD972AB9088A00BD6404 /* PBXTargetDependency */ = {
			isa = PBXTargetDependency;
			target = 3F0EFD7A2AB9088800BD6404 /* camera-demo-swift */;
			targetProxy = 3F0EFD962AB9088A00BD6404 /* PBXContainerItemProxy */;
		};
/* End PBXTargetDependency section */

/* Begin XCBuildConfiguration section */
		3F0EFD9D2AB9088A00BD6404 /* Debug */ = {
			isa = XCBuildConfiguration;
			buildSettings = {
				ALWAYS_SEARCH_USER_PATHS = NO;
				CLANG_ANALYZER_NONNULL = YES;
				CLANG_ANALYZER_NUMBER_OBJECT_CONVERSION = YES_AGGRESSIVE;
				CLANG_CXX_LANGUAGE_STANDARD = "gnu++20";
				CLANG_ENABLE_MODULES = YES;
				CLANG_ENABLE_OBJC_ARC = YES;
				CLANG_ENABLE_OBJC_WEAK = YES;
				CLANG_WARN_BLOCK_CAPTURE_AUTORELEASING = YES;
				CLANG_WARN_BOOL_CONVERSION = YES;
				CLANG_WARN_COMMA = YES;
				CLANG_WARN_CONSTANT_CONVERSION = YES;
				CLANG_WARN_DEPRECATED_OBJC_IMPLEMENTATIONS = YES;
				CLANG_WARN_DIRECT_OBJC_ISA_USAGE = YES_ERROR;
				CLANG_WARN_DOCUMENTATION_COMMENTS = YES;
				CLANG_WARN_EMPTY_BODY = YES;
				CLANG_WARN_ENUM_CONVERSION = YES;
				CLANG_WARN_INFINITE_RECURSION = YES;
				CLANG_WARN_INT_CONVERSION = YES;
				CLANG_WARN_NON_LITERAL_NULL_CONVERSION = YES;
				CLANG_WARN_OBJC_IMPLICIT_RETAIN_SELF = YES;
				CLANG_WARN_OBJC_LITERAL_CONVERSION = YES;
				CLANG_WARN_OBJC_ROOT_CLASS = YES_ERROR;
				CLANG_WARN_QUOTED_INCLUDE_IN_FRAMEWORK_HEADER = YES;
				CLANG_WARN_RANGE_LOOP_ANALYSIS = YES;
				CLANG_WARN_STRICT_PROTOTYPES = YES;
				CLANG_WARN_SUSPICIOUS_MOVE = YES;
				CLANG_WARN_UNGUARDED_AVAILABILITY = YES_AGGRESSIVE;
				CLANG_WARN_UNREACHABLE_CODE = YES;
				CLANG_WARN__DUPLICATE_METHOD_MATCH = YES;
				COPY_PHASE_STRIP = NO;
				DEBUG_INFORMATION_FORMAT = dwarf;
				ENABLE_STRICT_OBJC_MSGSEND = YES;
				ENABLE_TESTABILITY = YES;
				GCC_C_LANGUAGE_STANDARD = gnu11;
				GCC_DYNAMIC_NO_PIC = NO;
				GCC_NO_COMMON_BLOCKS = YES;
				GCC_OPTIMIZATION_LEVEL = 0;
				GCC_PREPROCESSOR_DEFINITIONS = (
					"DEBUG=1",
					"$(inherited)",
				);
				GCC_WARN_64_TO_32_BIT_CONVERSION = YES;
				GCC_WARN_ABOUT_RETURN_TYPE = YES_ERROR;
				GCC_WARN_UNDECLARED_SELECTOR = YES;
				GCC_WARN_UNINITIALIZED_AUTOS = YES_AGGRESSIVE;
				GCC_WARN_UNUSED_FUNCTION = YES;
				GCC_WARN_UNUSED_VARIABLE = YES;
				IPHONEOS_DEPLOYMENT_TARGET = 16.4;
				MTL_ENABLE_DEBUG_INFO = INCLUDE_SOURCE;
				MTL_FAST_MATH = YES;
				ONLY_ACTIVE_ARCH = YES;
				SDKROOT = iphoneos;
				SWIFT_ACTIVE_COMPILATION_CONDITIONS = DEBUG;
				SWIFT_OPTIMIZATION_LEVEL = "-Onone";
			};
			name = Debug;
		};
		3F0EFD9E2AB9088A00BD6404 /* Release */ = {
			isa = XCBuildConfiguration;
			buildSettings = {
				ALWAYS_SEARCH_USER_PATHS = NO;
				CLANG_ANALYZER_NONNULL = YES;
				CLANG_ANALYZER_NUMBER_OBJECT_CONVERSION = YES_AGGRESSIVE;
				CLANG_CXX_LANGUAGE_STANDARD = "gnu++20";
				CLANG_ENABLE_MODULES = YES;
				CLANG_ENABLE_OBJC_ARC = YES;
				CLANG_ENABLE_OBJC_WEAK = YES;
				CLANG_WARN_BLOCK_CAPTURE_AUTORELEASING = YES;
				CLANG_WARN_BOOL_CONVERSION = YES;
				CLANG_WARN_COMMA = YES;
				CLANG_WARN_CONSTANT_CONVERSION = YES;
				CLANG_WARN_DEPRECATED_OBJC_IMPLEMENTATIONS = YES;
				CLANG_WARN_DIRECT_OBJC_ISA_USAGE = YES_ERROR;
				CLANG_WARN_DOCUMENTATION_COMMENTS = YES;
				CLANG_WARN_EMPTY_BODY = YES;
				CLANG_WARN_ENUM_CONVERSION = YES;
				CLANG_WARN_INFINITE_RECURSION = YES;
				CLANG_WARN_INT_CONVERSION = YES;
				CLANG_WARN_NON_LITERAL_NULL_CONVERSION = YES;
				CLANG_WARN_OBJC_IMPLICIT_RETAIN_SELF = YES;
				CLANG_WARN_OBJC_LITERAL_CONVERSION = YES;
				CLANG_WARN_OBJC_ROOT_CLASS = YES_ERROR;
				CLANG_WARN_QUOTED_INCLUDE_IN_FRAMEWORK_HEADER = YES;
				CLANG_WARN_RANGE_LOOP_ANALYSIS = YES;
				CLANG_WARN_STRICT_PROTOTYPES = YES;
				CLANG_WARN_SUSPICIOUS_MOVE = YES;
				CLANG_WARN_UNGUARDED_AVAILABILITY = YES_AGGRESSIVE;
				CLANG_WARN_UNREACHABLE_CODE = YES;
				CLANG_WARN__DUPLICATE_METHOD_MATCH = YES;
				COPY_PHASE_STRIP = NO;
				DEBUG_INFORMATION_FORMAT = "dwarf-with-dsym";
				ENABLE_NS_ASSERTIONS = NO;
				ENABLE_STRICT_OBJC_MSGSEND = YES;
				GCC_C_LANGUAGE_STANDARD = gnu11;
				GCC_NO_COMMON_BLOCKS = YES;
				GCC_WARN_64_TO_32_BIT_CONVERSION = YES;
				GCC_WARN_ABOUT_RETURN_TYPE = YES_ERROR;
				GCC_WARN_UNDECLARED_SELECTOR = YES;
				GCC_WARN_UNINITIALIZED_AUTOS = YES_AGGRESSIVE;
				GCC_WARN_UNUSED_FUNCTION = YES;
				GCC_WARN_UNUSED_VARIABLE = YES;
				IPHONEOS_DEPLOYMENT_TARGET = 16.4;
				MTL_ENABLE_DEBUG_INFO = NO;
				MTL_FAST_MATH = YES;
				SDKROOT = iphoneos;
				SWIFT_COMPILATION_MODE = wholemodule;
				SWIFT_OPTIMIZATION_LEVEL = "-O";
				VALIDATE_PRODUCT = YES;
			};
			name = Release;
		};
		3F0EFDA02AB9088A00BD6404 /* Debug */ = {
			isa = XCBuildConfiguration;
			buildSettings = {
				ASSETCATALOG_COMPILER_APPICON_NAME = AppIcon;
				ASSETCATALOG_COMPILER_GLOBAL_ACCENT_COLOR_NAME = AccentColor;
				CODE_SIGN_STYLE = Automatic;
				CURRENT_PROJECT_VERSION = 1;
				DEVELOPMENT_ASSET_PATHS = "\"camera-demo-swift/Preview Content\"";
				DEVELOPMENT_TEAM = AG57B57S39;
				ENABLE_PREVIEWS = YES;
				GENERATE_INFOPLIST_FILE = YES;
				INFOPLIST_FILE = "camera-demo-swift/Info.plist";
				INFOPLIST_KEY_NSCameraUsageDescription = "Please Allow SwiftUI App to access camera";
				INFOPLIST_KEY_UIApplicationSceneManifest_Generation = YES;
				INFOPLIST_KEY_UIApplicationSupportsIndirectInputEvents = YES;
				INFOPLIST_KEY_UILaunchScreen_Generation = YES;
				INFOPLIST_KEY_UISupportedInterfaceOrientations_iPad = "UIInterfaceOrientationPortrait UIInterfaceOrientationPortraitUpsideDown UIInterfaceOrientationLandscapeLeft UIInterfaceOrientationLandscapeRight";
				INFOPLIST_KEY_UISupportedInterfaceOrientations_iPhone = "UIInterfaceOrientationPortrait UIInterfaceOrientationLandscapeLeft UIInterfaceOrientationLandscapeRight";
				LD_RUNPATH_SEARCH_PATHS = (
					"$(inherited)",
					"@executable_path/Frameworks",
				);
				MARKETING_VERSION = 1.0;
				PRODUCT_BUNDLE_IDENTIFIER = "co.example.camera-demo-swift";
				PRODUCT_NAME = "$(TARGET_NAME)";
				SWIFT_EMIT_LOC_STRINGS = YES;
				SWIFT_VERSION = 5.0;
				TARGETED_DEVICE_FAMILY = "1,2";
			};
			name = Debug;
		};
		3F0EFDA12AB9088A00BD6404 /* Release */ = {
			isa = XCBuildConfiguration;
			buildSettings = {
				ASSETCATALOG_COMPILER_APPICON_NAME = AppIcon;
				ASSETCATALOG_COMPILER_GLOBAL_ACCENT_COLOR_NAME = AccentColor;
				CODE_SIGN_STYLE = Automatic;
				CURRENT_PROJECT_VERSION = 1;
				DEVELOPMENT_ASSET_PATHS = "\"camera-demo-swift/Preview Content\"";
				DEVELOPMENT_TEAM = AG57B57S39;
				ENABLE_PREVIEWS = YES;
				GENERATE_INFOPLIST_FILE = YES;
				INFOPLIST_FILE = "camera-demo-swift/Info.plist";
				INFOPLIST_KEY_NSCameraUsageDescription = "Please Allow SwiftUI App to access camera";
				INFOPLIST_KEY_UIApplicationSceneManifest_Generation = YES;
				INFOPLIST_KEY_UIApplicationSupportsIndirectInputEvents = YES;
				INFOPLIST_KEY_UILaunchScreen_Generation = YES;
				INFOPLIST_KEY_UISupportedInterfaceOrientations_iPad = "UIInterfaceOrientationPortrait UIInterfaceOrientationPortraitUpsideDown UIInterfaceOrientationLandscapeLeft UIInterfaceOrientationLandscapeRight";
				INFOPLIST_KEY_UISupportedInterfaceOrientations_iPhone = "UIInterfaceOrientationPortrait UIInterfaceOrientationLandscapeLeft UIInterfaceOrientationLandscapeRight";
				LD_RUNPATH_SEARCH_PATHS = (
					"$(inherited)",
					"@executable_path/Frameworks",
				);
				MARKETING_VERSION = 1.0;
				PRODUCT_BUNDLE_IDENTIFIER = "co.example.camera-demo-swift";
				PRODUCT_NAME = "$(TARGET_NAME)";
				SWIFT_EMIT_LOC_STRINGS = YES;
				SWIFT_VERSION = 5.0;
				TARGETED_DEVICE_FAMILY = "1,2";
			};
			name = Release;
		};
		3F0EFDA32AB9088A00BD6404 /* Debug */ = {
			isa = XCBuildConfiguration;
			buildSettings = {
				ALWAYS_EMBED_SWIFT_STANDARD_LIBRARIES = YES;
				BUNDLE_LOADER = "$(TEST_HOST)";
				CODE_SIGN_STYLE = Automatic;
				CURRENT_PROJECT_VERSION = 1;
				GENERATE_INFOPLIST_FILE = YES;
				IPHONEOS_DEPLOYMENT_TARGET = 16.4;
				MARKETING_VERSION = 1.0;
				PRODUCT_BUNDLE_IDENTIFIER = "co.example.camera-demo-swiftTests";
				PRODUCT_NAME = "$(TARGET_NAME)";
				SWIFT_EMIT_LOC_STRINGS = NO;
				SWIFT_VERSION = 5.0;
				TARGETED_DEVICE_FAMILY = "1,2";
				TEST_HOST = "$(BUILT_PRODUCTS_DIR)/camera-demo-swift.app/$(BUNDLE_EXECUTABLE_FOLDER_PATH)/camera-demo-swift";
			};
			name = Debug;
		};
		3F0EFDA42AB9088A00BD6404 /* Release */ = {
			isa = XCBuildConfiguration;
			buildSettings = {
				ALWAYS_EMBED_SWIFT_STANDARD_LIBRARIES = YES;
				BUNDLE_LOADER = "$(TEST_HOST)";
				CODE_SIGN_STYLE = Automatic;
				CURRENT_PROJECT_VERSION = 1;
				GENERATE_INFOPLIST_FILE = YES;
				IPHONEOS_DEPLOYMENT_TARGET = 16.4;
				MARKETING_VERSION = 1.0;
				PRODUCT_BUNDLE_IDENTIFIER = "co.example.camera-demo-swiftTests";
				PRODUCT_NAME = "$(TARGET_NAME)";
				SWIFT_EMIT_LOC_STRINGS = NO;
				SWIFT_VERSION = 5.0;
				TARGETED_DEVICE_FAMILY = "1,2";
				TEST_HOST = "$(BUILT_PRODUCTS_DIR)/camera-demo-swift.app/$(BUNDLE_EXECUTABLE_FOLDER_PATH)/camera-demo-swift";
			};
			name = Release;
		};
		3F0EFDA62AB9088A00BD6404 /* Debug */ = {
			isa = XCBuildConfiguration;
			buildSettings = {
				ALWAYS_EMBED_SWIFT_STANDARD_LIBRARIES = YES;
				CODE_SIGN_STYLE = Automatic;
				CURRENT_PROJECT_VERSION = 1;
				GENERATE_INFOPLIST_FILE = YES;
				MARKETING_VERSION = 1.0;
				PRODUCT_BUNDLE_IDENTIFIER = "co.example.camera-demo-swiftUITests";
				PRODUCT_NAME = "$(TARGET_NAME)";
				SWIFT_EMIT_LOC_STRINGS = NO;
				SWIFT_VERSION = 5.0;
				TARGETED_DEVICE_FAMILY = "1,2";
				TEST_TARGET_NAME = "camera-demo-swift";
			};
			name = Debug;
		};
		3F0EFDA72AB9088A00BD6404 /* Release */ = {
			isa = XCBuildConfiguration;
			buildSettings = {
				ALWAYS_EMBED_SWIFT_STANDARD_LIBRARIES = YES;
				CODE_SIGN_STYLE = Automatic;
				CURRENT_PROJECT_VERSION = 1;
				GENERATE_INFOPLIST_FILE = YES;
				MARKETING_VERSION = 1.0;
				PRODUCT_BUNDLE_IDENTIFIER = "co.example.camera-demo-swiftUITests";
				PRODUCT_NAME = "$(TARGET_NAME)";
				SWIFT_EMIT_LOC_STRINGS = NO;
				SWIFT_VERSION = 5.0;
				TARGETED_DEVICE_FAMILY = "1,2";
				TEST_TARGET_NAME = "camera-demo-swift";
			};
			name = Release;
		};
/* End XCBuildConfiguration section */

/* Begin XCConfigurationList section */
		3F0EFD762AB9088800BD6404 /* Build configuration list for PBXProject "camera-demo-swift" */ = {
			isa = XCConfigurationList;
			buildConfigurations = (
				3F0EFD9D2AB9088A00BD6404 /* Debug */,
				3F0EFD9E2AB9088A00BD6404 /* Release */,
			);
			defaultConfigurationIsVisible = 0;
			defaultConfigurationName = Release;
		};
		3F0EFD9F2AB9088A00BD6404 /* Build configuration list for PBXNativeTarget "camera-demo-swift" */ = {
			isa = XCConfigurationList;
			buildConfigurations = (
				3F0EFDA02AB9088A00BD6404 /* Debug */,
				3F0EFDA12AB9088A00BD6404 /* Release */,
			);
			defaultConfigurationIsVisible = 0;
			defaultConfigurationName = Release;
		};
		3F0EFDA22AB9088A00BD6404 /* Build configuration list for PBXNativeTarget "camera-demo-swiftTests" */ = {
			isa = XCConfigurationList;
			buildConfigurations = (
				3F0EFDA32AB9088A00BD6404 /* Debug */,
				3F0EFDA42AB9088A00BD6404 /* Release */,
			);
			defaultConfigurationIsVisible = 0;
			defaultConfigurationName = Release;
		};
		3F0EFDA52AB9088A00BD6404 /* Build configuration list for PBXNativeTarget "camera-demo-swiftUITests" */ = {
			isa = XCConfigurationList;
			buildConfigurations = (
				3F0EFDA62AB9088A00BD6404 /* Debug */,
				3F0EFDA72AB9088A00BD6404 /* Release */,
			);
			defaultConfigurationIsVisible = 0;
			defaultConfigurationName = Release;
		};
/* End XCConfigurationList section */
	};
	rootObject = 3F0EFD732AB9088800BD6404 /* Project object */;
}
